
Microsoft Visual Studio Solution File, Format Version 12.00
# Visual Studio Version 17
VisualStudioVersion = 17.6.33829.357
MinimumVisualStudioVersion = 10.0.40219.1
Project("{FAE04EC0-301F-11D3-BF4B-00C04F79EFBC}") = "PasswordGenerator", "PasswordGenerator\PasswordGenerator.csproj", "{A30762EA-A516-4781-827E-228DC998DBB4}"
EndProject
Global
	GlobalSection(SolutionConfigurationPlatforms) = preSolution
		Debug|Any CPU = Debug|Any CPU
		Release|Any CPU = Release|Any CPU
	EndGlobalSection
	GlobalSection(ProjectConfigurationPlatforms) = postSolution
		{A30762EA-A516-4781-827E-228DC998DBB4}.Debug|Any CPU.ActiveCfg = Debug|Any CPU
		{A30762EA-A516-4781-827E-228DC998DBB4}.Debug|Any CPU.Build.0 = Debug|Any CPU
		{A30762EA-A516-4781-827E-228DC998DBB4}.Release|Any CPU.ActiveCfg = Release|Any CPU
		{A30762EA-A516-4781-827E-228DC998DBB4}.Release|Any CPU.Build.0 = Release|Any CPU
	EndGlobalSection
	GlobalSection(SolutionProperties) = preSolution
		HideSolutionNode = FALSE
	EndGlobalSection
	GlobalSection(ExtensibilityGlobals) = postSolution
		SolutionGuid = {E075F30A-9AAE-4BF9-8675-CF6CD0AEBA6F}
	EndGlobalSection
EndGlobal
